
Microsoft Visual Studio Solution File, Format Version 12.00
# Visual Studio 15
VisualStudioVersion = 15.0.27825.0
MinimumVisualStudioVersion = 10.0.40219.1
Project("{FAE04EC0-301F-11D3-BF4B-00C04F79EFBC}") = "Mover", "Mover.csproj", "{2C1F4A19-CD1A-487E-84DF-0192BE7B9A18}"
EndProject
Global
	GlobalSection(SolutionConfigurationPlatforms) = preSolution
		Debug via Revit Add-In Manager|Any CPU = Debug via Revit Add-In Manager|Any CPU
		Debug|Any CPU = Debug|Any CPU
		Release|Any CPU = Release|Any CPU
	EndGlobalSection
	GlobalSection(ProjectConfigurationPlatforms) = postSolution
		{2C1F4A19-CD1A-487E-84DF-0192BE7B9A18}.Debug via Revit Add-In Manager|Any CPU.ActiveCfg = Debug via Revit Add-In Manager|Any CPU
		{2C1F4A19-CD1A-487E-84DF-0192BE7B9A18}.Debug via Revit Add-In Manager|Any CPU.Build.0 = Debug via Revit Add-In Manager|Any CPU
		{2C1F4A19-CD1A-487E-84DF-0192BE7B9A18}.Debug|Any CPU.ActiveCfg = Debug|Any CPU
		{2C1F4A19-CD1A-487E-84DF-0192BE7B9A18}.Debug|Any CPU.Build.0 = Debug|Any CPU
		{2C1F4A19-CD1A-487E-84DF-0192BE7B9A18}.Release|Any CPU.ActiveCfg = Release|Any CPU
		{2C1F4A19-CD1A-487E-84DF-0192BE7B9A18}.Release|Any CPU.Build.0 = Release|Any CPU
	EndGlobalSection
	GlobalSection(SolutionProperties) = preSolution
		HideSolutionNode = FALSE
	EndGlobalSection
	GlobalSection(ExtensibilityGlobals) = postSolution
		SolutionGuid = {A91EA6AB-8E8A-4429-B3BD-D95C95F9A047}
	EndGlobalSection
EndGlobal
